Microsoft Visual Studio Solution File, Format Version 12.00
# Visual Studio Version 17
VisualStudioVersion = 17.5.2.0
MinimumVisualStudioVersion = 10.0.40219.1
Project("{FAE04EC0-301F-11D3-BF4B-00C04F79EFBC}") = "VerificationSystem", "VerificationSystem.csproj", "{F6E2541D-3637-1616-711B-5027D30B2871}"
EndProject
Global
	GlobalSection(SolutionConfigurationPlatforms) = preSolution
		Debug|Any CPU = Debug|Any CPU
		Release|Any CPU = Release|Any CPU
	EndGlobalSection
	GlobalSection(ProjectConfigurationPlatforms) = postSolution
		{F6E2541D-3637-1616-711B-5027D30B2871}.Debug|Any CPU.ActiveCfg = Debug|Any CPU
		{F6E2541D-3637-1616-711B-5027D30B2871}.Debug|Any CPU.Build.0 = Debug|Any CPU
		{F6E2541D-3637-1616-711B-5027D30B2871}.Release|Any CPU.ActiveCfg = Release|Any CPU
		{F6E2541D-3637-1616-711B-5027D30B2871}.Release|Any CPU.Build.0 = Release|Any CPU
	EndGlobalSection
	GlobalSection(SolutionProperties) = preSolution
		HideSolutionNode = FALSE
	EndGlobalSection
	GlobalSection(ExtensibilityGlobals) = postSolution
		SolutionGuid = {AF2E1B2F-264D-4689-8B37-7833DEF86AA4}
	EndGlobalSection
EndGlobal
